
Microsoft Visual Studio Solution File, Format Version 12.00
# Visual Studio 15
VisualStudioVersion = 15.0.28307.779
MinimumVisualStudioVersion = 10.0.40219.1
Project("{FAE04EC0-301F-11D3-BF4B-00C04F79EFBC}") = "TeamAssignment1", "TeamAssignment1\TeamAssignment1.csproj", "{79D27988-129E-4956-B9F1-3CFBB3FEF730}"
EndProject
Global
	GlobalSection(SolutionConfigurationPlatforms) = preSolution
		Debug|Any CPU = Debug|Any CPU
		Release|Any CPU = Release|Any CPU
	EndGlobalSection
	GlobalSection(ProjectConfigurationPlatforms) = postSolution
		{79D27988-129E-4956-B9F1-3CFBB3FEF730}.Debug|Any CPU.ActiveCfg = Debug|Any CPU
		{79D27988-129E-4956-B9F1-3CFBB3FEF730}.Debug|Any CPU.Build.0 = Debug|Any CPU
		{79D27988-129E-4956-B9F1-3CFBB3FEF730}.Release|Any CPU.ActiveCfg = Release|Any CPU
		{79D27988-129E-4956-B9F1-3CFBB3FEF730}.Release|Any CPU.Build.0 = Release|Any CPU
	EndGlobalSection
	GlobalSection(SolutionProperties) = preSolution
		HideSolutionNode = FALSE
	EndGlobalSection
	GlobalSection(ExtensibilityGlobals) = postSolution
		SolutionGuid = {CDDC9DF9-546A-40C9-ADCB-C089D3234ACF}
	EndGlobalSection
EndGlobal
